
Microsoft Visual Studio Solution File, Format Version 12.00
# Visual Studio 2013
VisualStudioVersion = 12.0.40629.0
MinimumVisualStudioVersion = 10.0.40219.1
Project("{FAE04EC0-301F-11D3-BF4B-00C04F79EFBC}") = "DAL", "DAL\DAL.csproj", "{D627376A-7EAC-4558-9737-4210AE32FC85}"
EndProject
Project("{FAE04EC0-301F-11D3-BF4B-00C04F79EFBC}") = "WCF_Service", "WCF_Service\WCF_Service.csproj", "{DF6005A1-CA4B-497D-BBA3-9BC534EF4606}"
EndProject
Project("{FAE04EC0-301F-11D3-BF4B-00C04F79EFBC}") = "WebApp_AngularJs", "WebApp\WebApp_AngularJs.csproj", "{04A259B5-F465-497D-91FF-F21D818D6521}"
EndProject
Global
	GlobalSection(SolutionConfigurationPlatforms) = preSolution
		Debug|Any CPU = Debug|Any CPU
		Release|Any CPU = Release|Any CPU
	EndGlobalSection
	GlobalSection(ProjectConfigurationPlatforms) = postSolution
		{D627376A-7EAC-4558-9737-4210AE32FC85}.Debug|Any CPU.ActiveCfg = Debug|Any CPU
		{D627376A-7EAC-4558-9737-4210AE32FC85}.Debug|Any CPU.Build.0 = Debug|Any CPU
		{D627376A-7EAC-4558-9737-4210AE32FC85}.Release|Any CPU.ActiveCfg = Release|Any CPU
		{D627376A-7EAC-4558-9737-4210AE32FC85}.Release|Any CPU.Build.0 = Release|Any CPU
		{DF6005A1-CA4B-497D-BBA3-9BC534EF4606}.Debug|Any CPU.ActiveCfg = Debug|Any CPU
		{DF6005A1-CA4B-497D-BBA3-9BC534EF4606}.Debug|Any CPU.Build.0 = Debug|Any CPU
		{DF6005A1-CA4B-497D-BBA3-9BC534EF4606}.Release|Any CPU.ActiveCfg = Release|Any CPU
		{DF6005A1-CA4B-497D-BBA3-9BC534EF4606}.Release|Any CPU.Build.0 = Release|Any CPU
		{04A259B5-F465-497D-91FF-F21D818D6521}.Debug|Any CPU.ActiveCfg = Debug|Any CPU
		{04A259B5-F465-497D-91FF-F21D818D6521}.Debug|Any CPU.Build.0 = Debug|Any CPU
		{04A259B5-F465-497D-91FF-F21D818D6521}.Release|Any CPU.ActiveCfg = Release|Any CPU
		{04A259B5-F465-497D-91FF-F21D818D6521}.Release|Any CPU.Build.0 = Release|Any CPU
	EndGlobalSection
	GlobalSection(SolutionProperties) = preSolution
		HideSolutionNode = FALSE
	EndGlobalSection
EndGlobal
